
Microsoft Visual Studio Solution File, Format Version 12.00
# Visual Studio Version 17
VisualStudioVersion = 17.11.35222.181
MinimumVisualStudioVersion = 10.0.40219.1
Project("{FAE04EC0-301F-11D3-BF4B-00C04F79EFBC}") = "Simple turn based fight application", "Simple turn based fight application\Simple turn based fight application.csproj", "{A2EF20BD-3448-45BE-BC6A-745806EFC2CA}"
EndProject
Global
	GlobalSection(SolutionConfigurationPlatforms) = preSolution
		Debug|Any CPU = Debug|Any CPU
		Release|Any CPU = Release|Any CPU
	EndGlobalSection
	GlobalSection(ProjectConfigurationPlatforms) = postSolution
		{A2EF20BD-3448-45BE-BC6A-745806EFC2CA}.Debug|Any CPU.ActiveCfg = Debug|Any CPU
		{A2EF20BD-3448-45BE-BC6A-745806EFC2CA}.Debug|Any CPU.Build.0 = Debug|Any CPU
		{A2EF20BD-3448-45BE-BC6A-745806EFC2CA}.Release|Any CPU.ActiveCfg = Release|Any CPU
		{A2EF20BD-3448-45BE-BC6A-745806EFC2CA}.Release|Any CPU.Build.0 = Release|Any CPU
	EndGlobalSection
	GlobalSection(SolutionProperties) = preSolution
		HideSolutionNode = FALSE
	EndGlobalSection
	GlobalSection(ExtensibilityGlobals) = postSolution
		SolutionGuid = {93152593-9762-46EC-96F3-36C6C941B9C8}
	EndGlobalSection
EndGlobal
